
Microsoft Visual Studio Solution File, Format Version 12.00
# Visual Studio Version 16
VisualStudioVersion = 16.0.30907.101
MinimumVisualStudioVersion = 10.0.40219.1
Project("{FAE04EC0-301F-11D3-BF4B-00C04F79EFBC}") = "URL_to_PDF", "URL_to_PDF\URL_to_PDF.csproj", "{C7D9C499-E20C-4D24-8D76-DA58AC3B8AC9}"
EndProject
Global
	GlobalSection(SolutionConfigurationPlatforms) = preSolution
		Debug|Any CPU = Debug|Any CPU
		Release|Any CPU = Release|Any CPU
	EndGlobalSection
	GlobalSection(ProjectConfigurationPlatforms) = postSolution
		{C7D9C499-E20C-4D24-8D76-DA58AC3B8AC9}.Debug|Any CPU.ActiveCfg = Debug|Any CPU
		{C7D9C499-E20C-4D24-8D76-DA58AC3B8AC9}.Debug|Any CPU.Build.0 = Debug|Any CPU
		{C7D9C499-E20C-4D24-8D76-DA58AC3B8AC9}.Release|Any CPU.ActiveCfg = Release|Any CPU
		{C7D9C499-E20C-4D24-8D76-DA58AC3B8AC9}.Release|Any CPU.Build.0 = Release|Any CPU
	EndGlobalSection
	GlobalSection(SolutionProperties) = preSolution
		HideSolutionNode = FALSE
	EndGlobalSection
	GlobalSection(ExtensibilityGlobals) = postSolution
		SolutionGuid = {506FC11B-F529-4B30-B933-FDBFDFF0E2AA}
	EndGlobalSection
EndGlobal
