
Microsoft Visual Studio Solution File, Format Version 12.00
# Visual Studio Version 16
VisualStudioVersion = 16.0.30907.101
MinimumVisualStudioVersion = 10.0.40219.1
Project("{FAE04EC0-301F-11D3-BF4B-00C04F79EFBC}") = "Automatic_bookmarks", "Automatic_bookmarks\Automatic_bookmarks.csproj", "{46CDEAAC-52DF-41AE-8833-0093784FB3C8}"
EndProject
Global
	GlobalSection(SolutionConfigurationPlatforms) = preSolution
		Debug|Any CPU = Debug|Any CPU
		Release|Any CPU = Release|Any CPU
	EndGlobalSection
	GlobalSection(ProjectConfigurationPlatforms) = postSolution
		{46CDEAAC-52DF-41AE-8833-0093784FB3C8}.Debug|Any CPU.ActiveCfg = Debug|Any CPU
		{46CDEAAC-52DF-41AE-8833-0093784FB3C8}.Debug|Any CPU.Build.0 = Debug|Any CPU
		{46CDEAAC-52DF-41AE-8833-0093784FB3C8}.Release|Any CPU.ActiveCfg = Release|Any CPU
		{46CDEAAC-52DF-41AE-8833-0093784FB3C8}.Release|Any CPU.Build.0 = Release|Any CPU
	EndGlobalSection
	GlobalSection(SolutionProperties) = preSolution
		HideSolutionNode = FALSE
	EndGlobalSection
	GlobalSection(ExtensibilityGlobals) = postSolution
		SolutionGuid = {ED781AE0-973C-4157-96BC-90279E1CD71C}
	EndGlobalSection
EndGlobal
