
Microsoft Visual Studio Solution File, Format Version 12.00
# Visual Studio Version 16
VisualStudioVersion = 16.0.30907.101
MinimumVisualStudioVersion = 10.0.40219.1
Project("{FAE04EC0-301F-11D3-BF4B-00C04F79EFBC}") = "Web_MVC_to_PDF", "Web_MVC_to_PDF\Web_MVC_to_PDF.csproj", "{D3F23345-63ED-4FCB-BB9F-75577B9C6B79}"
EndProject
Global
	GlobalSection(SolutionConfigurationPlatforms) = preSolution
		Debug|Any CPU = Debug|Any CPU
		Release|Any CPU = Release|Any CPU
	EndGlobalSection
	GlobalSection(ProjectConfigurationPlatforms) = postSolution
		{D3F23345-63ED-4FCB-BB9F-75577B9C6B79}.Debug|Any CPU.ActiveCfg = Debug|Any CPU
		{D3F23345-63ED-4FCB-BB9F-75577B9C6B79}.Debug|Any CPU.Build.0 = Debug|Any CPU
		{D3F23345-63ED-4FCB-BB9F-75577B9C6B79}.Release|Any CPU.ActiveCfg = Release|Any CPU
		{D3F23345-63ED-4FCB-BB9F-75577B9C6B79}.Release|Any CPU.Build.0 = Release|Any CPU
	EndGlobalSection
	GlobalSection(SolutionProperties) = preSolution
		HideSolutionNode = FALSE
	EndGlobalSection
	GlobalSection(ExtensibilityGlobals) = postSolution
		SolutionGuid = {A6E0D5E8-9092-453D-A6C1-94530EC21F6F}
	EndGlobalSection
EndGlobal
